
Microsoft Visual Studio Solution File, Format Version 12.00
# Visual Studio Version 16
VisualStudioVersion = 16.0.29424.173
MinimumVisualStudioVersion = 10.0.40219.1
Project("{888888A0-9F3D-457C-B088-3A5042F75D52}") = "m3u8下载", "m3u8下载.pyproj", "{B4984D47-792E-4770-8139-D1AB1389BA78}"
EndProject
Global
	GlobalSection(SolutionConfigurationPlatforms) = preSolution
		Debug|Any CPU = Debug|Any CPU
		Release|Any CPU = Release|Any CPU
	EndGlobalSection
	GlobalSection(ProjectConfigurationPlatforms) = postSolution
		{B4984D47-792E-4770-8139-D1AB1389BA78}.Debug|Any CPU.ActiveCfg = Debug|Any CPU
		{B4984D47-792E-4770-8139-D1AB1389BA78}.Release|Any CPU.ActiveCfg = Release|Any CPU
	EndGlobalSection
	GlobalSection(SolutionProperties) = preSolution
		HideSolutionNode = FALSE
	EndGlobalSection
	GlobalSection(ExtensibilityGlobals) = postSolution
		SolutionGuid = {02EB8341-723B-42B7-86C2-C6C9781E5EF4}
	EndGlobalSection
EndGlobal
